
Microsoft Visual Studio Solution File, Format Version 12.00
# Visual Studio Version 17
VisualStudioVersion = 17.1.32210.238
MinimumVisualStudioVersion = 10.0.40219.1
Project("{FAE04EC0-301F-11D3-BF4B-00C04F79EFBC}") = "ContactsApp", "ContactsApp\ContactsApp.csproj", "{6C9ED20F-E7F9-4366-89F4-31F96563B4B0}"
EndProject
Global
	GlobalSection(SolutionConfigurationPlatforms) = preSolution
		Debug|Any CPU = Debug|Any CPU
		Release|Any CPU = Release|Any CPU
	EndGlobalSection
	GlobalSection(ProjectConfigurationPlatforms) = postSolution
		{6C9ED20F-E7F9-4366-89F4-31F96563B4B0}.Debug|Any CPU.ActiveCfg = Debug|Any CPU
		{6C9ED20F-E7F9-4366-89F4-31F96563B4B0}.Debug|Any CPU.Build.0 = Debug|Any CPU
		{6C9ED20F-E7F9-4366-89F4-31F96563B4B0}.Release|Any CPU.ActiveCfg = Release|Any CPU
		{6C9ED20F-E7F9-4366-89F4-31F96563B4B0}.Release|Any CPU.Build.0 = Release|Any CPU
	EndGlobalSection
	GlobalSection(SolutionProperties) = preSolution
		HideSolutionNode = FALSE
	EndGlobalSection
	GlobalSection(ExtensibilityGlobals) = postSolution
		SolutionGuid = {61675729-6414-4EBC-A70E-ECD28CC52807}
	EndGlobalSection
EndGlobal
